// !$*UTF8*$!
{
	archiveVersion = 1;
	classes = {
	};
	objectVersion = 56;
	objects = {

/* Begin PBXBuildFile section */
		5E8DCDC5299FD8BD002EEF51 /* AppDelegate.swift in Sources */ = {isa = PBXBuildFile; fileRef = 5E8DCDC4299FD8BD002EEF51 /* AppDelegate.swift */; };
		5E8DCDC7299FD8BD002EEF51 /* SceneDelegate.swift in Sources */ = {isa = PBXBuildFile; fileRef = 5E8DCDC6299FD8BD002EEF51 /* SceneDelegate.swift */; };
		5E8DCDC9299FD8BD002EEF51 /* ViewController.swift in Sources */ = {isa = PBXBuildFile; fileRef = 5E8DCDC8299FD8BD002EEF51 /* ViewController.swift */; };
		5E8DCDCC299FD8BD002EEF51 /* Main.storyboard in Resources */ = {isa = PBXBuildFile; fileRef = 5E8DCDCA299FD8BD002EEF51 /* Main.storyboard */; };
		5E8DCDCE299FD8BD002EEF51 /* Assets.xcassets in Resources */ = {isa = PBXBuildFile; fileRef = 5E8DCDCD299FD8BD002EEF51 /* Assets.xcassets */; };
		5E8DCDD1299FD8BD002EEF51 /* LaunchScreen.storyboard in Resources */ = {isa = PBXBuildFile; fileRef = 5E8DCDCF299FD8BD002EEF51 /* LaunchScreen.storyboard */; };
		5E8DCDDC299FD8BD002EEF51 /* TipsyTests.swift in Sources */ = {isa = PBXBuildFile; fileRef = 5E8DCDDB299FD8BD002EEF51 /* TipsyTests.swift */; };
		5E8DCDE6299FD8BD002EEF51 /* TipsyUITests.swift in Sources */ = {isa = PBXBuildFile; fileRef = 5E8DCDE5299FD8BD002EEF51 /* TipsyUITests.swift */; };
		5E8DCDE8299FD8BD002EEF51 /* TipsyUITestsLaunchTests.swift in Sources */ = {isa = PBXBuildFile; fileRef = 5E8DCDE7299FD8BD002EEF51 /* TipsyUITestsLaunchTests.swift */; };
/* End PBXBuildFile section */

/* Begin PBXContainerItemProxy section */
		5E8DCDD8299FD8BD002EEF51 /* PBXContainerItemProxy */ = {
			isa = PBXContainerItemProxy;
			containerPortal = 5E8DCDB9299FD8BC002EEF51 /* Project object */;
			proxyType = 1;
			remoteGlobalIDString = 5E8DCDC0299FD8BD002EEF51;
			remoteInfo = Tipsy;
		};
		5E8DCDE2299FD8BD002EEF51 /* PBXContainerItemProxy */ = {
			isa = PBXContainerItemProxy;
			containerPortal = 5E8DCDB9299FD8BC002EEF51 /* Project object */;
			proxyType = 1;
			remoteGlobalIDString = 5E8DCDC0299FD8BD002EEF51;
			remoteInfo = Tipsy;
		};
/* End PBXContainerItemProxy section */

/* Begin PBXFileReference section */
		5E8DCDC1299FD8BD002EEF51 /* Tipsy.app */ = {isa = PBXFileReference; explicitFileType = wrapper.application; includeInIndex = 0; path = Tipsy.app; sourceTree = BUILT_PRODUCTS_DIR; };
		5E8DCDC4299FD8BD002EEF51 /* AppDelegate.swift */ = {isa = PBXFileReference; lastKnownFileType = sourcecode.swift; path = AppDelegate.swift; sourceTree = "<group>"; };
		5E8DCDC6299FD8BD002EEF51 /* SceneDelegate.swift */ = {isa = PBXFileReference; lastKnownFileType = sourcecode.swift; path = SceneDelegate.swift; sourceTree = "<group>"; };
		5E8DCDC8299FD8BD002EEF51 /* ViewController.swift */ = {isa = PBXFileReference; lastKnownFileType = sourcecode.swift; path = ViewController.swift; sourceTree = "<group>"; };
		5E8DCDCB299FD8BD002EEF51 /* Base */ = {isa = PBXFileReference; lastKnownFileType = file.storyboard; name = Base; path = Base.lproj/Main.storyboard; sourceTree = "<group>"; };
		5E8DCDCD299FD8BD002EEF51 /* Assets.xcassets */ = {isa = PBXFileReference; lastKnownFileType = folder.assetcatalog; path = Assets.xcassets; sourceTree = "<group>"; };
		5E8DCDD0299FD8BD002EEF51 /* Base */ = {isa = PBXFileReference; lastKnownFileType = file.storyboard; name = Base; path = Base.lproj/LaunchScreen.storyboard; sourceTree = "<group>"; };
		5E8DCDD2299FD8BD002EEF51 /* Info.plist */ = {isa = PBXFileReference; lastKnownFileType = text.plist.xml; path = Info.plist; sourceTree = "<group>"; };
		5E8DCDD7299FD8BD002EEF51 /* TipsyTests.xctest */ = {isa = PBXFileReference; explicitFileType = wrapper.cfbundle; includeInIndex = 0; path = TipsyTests.xctest; sourceTree = BUILT_PRODUCTS_DIR; };
		5E8DCDDB299FD8BD002EEF51 /* TipsyTests.swift */ = {isa = PBXFileReference; lastKnownFileType = sourcecode.swift; path = TipsyTests.swift; sourceTree = "<group>"; };
		5E8DCDE1299FD8BD002EEF51 /* TipsyUITests.xctest */ = {isa = PBXFileReference; explicitFileType = wrapper.cfbundle; includeInIndex = 0; path = TipsyUITests.xctest; sourceTree = BUILT_PRODUCTS_DIR; };
		5E8DCDE5299FD8BD002EEF51 /* TipsyUITests.swift */ = {isa = PBXFileReference; lastKnownFileType = sourcecode.swift; path = TipsyUITests.swift; sourceTree = "<group>"; };
		5E8DCDE7299FD8BD002EEF51 /* TipsyUITestsLaunchTests.swift */ = {isa = PBXFileReference; lastKnownFileType = sourcecode.swift; path = TipsyUITestsLaunchTests.swift; sourceTree = "<group>"; };
/* End PBXFileReference section */

/* Begin PBXFrameworksBuildPhase section */
		5E8DCDBE299FD8BD002EEF51 /* Frameworks */ = {
			isa = PBXFrameworksBuildPhase;
			buildActionMask = 2147483647;
			files = (
			);
			runOnlyForDeploymentPostprocessing = 0;
		};
		5E8DCDD4299FD8BD002EEF51 /* Frameworks */ = {
			isa = PBXFrameworksBuildPhase;
			buildActionMask = 2147483647;
			files = (
			);
			runOnlyForDeploymentPostprocessing = 0;
		};
		5E8DCDDE299FD8BD002EEF51 /* Frameworks */ = {
			isa = PBXFrameworksBuildPhase;
			buildActionMask = 2147483647;
			files = (
			);
			runOnlyForDeploymentPostprocessing = 0;
		};
/* End PBXFrameworksBuildPhase section */

/* Begin PBXGroup section */
		5E8DCDB8299FD8BC002EEF51 = {
			isa = PBXGroup;
			children = (
				5E8DCDC3299FD8BD002EEF51 /* Tipsy */,
				5E8DCDDA299FD8BD002EEF51 /* TipsyTests */,
				5E8DCDE4299FD8BD002EEF51 /* TipsyUITests */,
				5E8DCDC2299FD8BD002EEF51 /* Products */,
			);
			sourceTree = "<group>";
		};
		5E8DCDC2299FD8BD002EEF51 /* Products */ = {
			isa = PBXGroup;
			children = (
				5E8DCDC1299FD8BD002EEF51 /* Tipsy.app */,
				5E8DCDD7299FD8BD002EEF51 /* TipsyTests.xctest */,
				5E8DCDE1299FD8BD002EEF51 /* TipsyUITests.xctest */,
			);
			name = Products;
			sourceTree = "<group>";
		};
		5E8DCDC3299FD8BD002EEF51 /* Tipsy */ = {
			isa = PBXGroup;
			children = (
				5E8DCDC4299FD8BD002EEF51 /* AppDelegate.swift */,
				5E8DCDC6299FD8BD002EEF51 /* SceneDelegate.swift */,
				5E8DCDC8299FD8BD002EEF51 /* ViewController.swift */,
				5E8DCDCA299FD8BD002EEF51 /* Main.storyboard */,
				5E8DCDCD299FD8BD002EEF51 /* Assets.xcassets */,
				5E8DCDCF299FD8BD002EEF51 /* LaunchScreen.storyboard */,
				5E8DCDD2299FD8BD002EEF51 /* Info.plist */,
			);
			path = Tipsy;
			sourceTree = "<group>";
		};
		5E8DCDDA299FD8BD002EEF51 /* TipsyTests */ = {
			isa = PBXGroup;
			children = (
				5E8DCDDB299FD8BD002EEF51 /* TipsyTests.swift */,
			);
			path = TipsyTests;
			sourceTree = "<group>";
		};
		5E8DCDE4299FD8BD002EEF51 /* TipsyUITests */ = {
			isa = PBXGroup;
			children = (
				5E8DCDE5299FD8BD002EEF51 /* TipsyUITests.swift */,
				5E8DCDE7299FD8BD002EEF51 /* TipsyUITestsLaunchTests.swift */,
			);
			path = TipsyUITests;
			sourceTree = "<group>";
		};
/* End PBXGroup section */

/* Begin PBXNativeTarget section */
		5E8DCDC0299FD8BD002EEF51 /* Tipsy */ = {
			isa = PBXNativeTarget;
			buildConfigurationList = 5E8DCDEB299FD8BD002EEF51 /* Build configuration list for PBXNativeTarget "Tipsy" */;
			buildPhases = (
				5E8DCDBD299FD8BD002EEF51 /* Sources */,
				5E8DCDBE299FD8BD002EEF51 /* Frameworks */,
				5E8DCDBF299FD8BD002EEF51 /* Resources */,
			);
			buildRules = (
			);
			dependencies = (
			);
			name = Tipsy;
			productName = Tipsy;
			productReference = 5E8DCDC1299FD8BD002EEF51 /* Tipsy.app */;
			productType = "com.apple.product-type.application";
		};
		5E8DCDD6299FD8BD002EEF51 /* TipsyTests */ = {
			isa = PBXNativeTarget;
			buildConfigurationList = 5E8DCDEE299FD8BD002EEF51 /* Build configuration list for PBXNativeTarget "TipsyTests" */;
			buildPhases = (
				5E8DCDD3299FD8BD002EEF51 /* Sources */,
				5E8DCDD4299FD8BD002EEF51 /* Frameworks */,
				5E8DCDD5299FD8BD002EEF51 /* Resources */,
			);
			buildRules = (
			);
			dependencies = (
				5E8DCDD9299FD8BD002EEF51 /* PBXTargetDependency */,
			);
			name = TipsyTests;
			productName = TipsyTests;
			productReference = 5E8DCDD7299FD8BD002EEF51 /* TipsyTests.xctest */;
			productType = "com.apple.product-type.bundle.unit-test";
		};
		5E8DCDE0299FD8BD002EEF51 /* TipsyUITests */ = {
			isa = PBXNativeTarget;
			buildConfigurationList = 5E8DCDF1299FD8BD002EEF51 /* Build configuration list for PBXNativeTarget "TipsyUITests" */;
			buildPhases = (
				5E8DCDDD299FD8BD002EEF51 /* Sources */,
				5E8DCDDE299FD8BD002EEF51 /* Frameworks */,
				5E8DCDDF299FD8BD002EEF51 /* Resources */,
			);
			buildRules = (
			);
			dependencies = (
				5E8DCDE3299FD8BD002EEF51 /* PBXTargetDependency */,
			);
			name = TipsyUITests;
			productName = TipsyUITests;
			productReference = 5E8DCDE1299FD8BD002EEF51 /* TipsyUITests.xctest */;
			productType = "com.apple.product-type.bundle.ui-testing";
		};
/* End PBXNativeTarget section */

/* Begin PBXProject section */
		5E8DCDB9299FD8BC002EEF51 /* Project object */ = {
			isa = PBXProject;
			attributes = {
				BuildIndependentTargetsInParallel = 1;
				LastSwiftUpdateCheck = 1420;
				LastUpgradeCheck = 1420;
				TargetAttributes = {
					5E8DCDC0299FD8BD002EEF51 = {
						CreatedOnToolsVersion = 14.2;
					};
					5E8DCDD6299FD8BD002EEF51 = {
						CreatedOnToolsVersion = 14.2;
						TestTargetID = 5E8DCDC0299FD8BD002EEF51;
					};
					5E8DCDE0299FD8BD002EEF51 = {
						CreatedOnToolsVersion = 14.2;
						TestTargetID = 5E8DCDC0299FD8BD002EEF51;
					};
				};
			};
			buildConfigurationList = 5E8DCDBC299FD8BC002EEF51 /* Build configuration list for PBXProject "Tipsy" */;
			compatibilityVersion = "Xcode 14.0";
			developmentRegion = en;
			hasScannedForEncodings = 0;
			knownRegions = (
				en,
				Base,
			);
			mainGroup = 5E8DCDB8299FD8BC002EEF51;
			productRefGroup = 5E8DCDC2299FD8BD002EEF51 /* Products */;
			projectDirPath = "";
			projectRoot = "";
			targets = (
				5E8DCDC0299FD8BD002EEF51 /* Tipsy */,
				5E8DCDD6299FD8BD002EEF51 /* TipsyTests */,
				5E8DCDE0299FD8BD002EEF51 /* TipsyUITests */,
			);
		};
/* End PBXProject section */

/* Begin PBXResourcesBuildPhase section */
		5E8DCDBF299FD8BD002EEF51 /* Resources */ = {
			isa = PBXResourcesBuildPhase;
			buildActionMask = 2147483647;
			files = (
				5E8DCDD1299FD8BD002EEF51 /* LaunchScreen.storyboard in Resources */,
				5E8DCDCE299FD8BD002EEF51 /* Assets.xcassets in Resources */,
				5E8DCDCC299FD8BD002EEF51 /* Main.storyboard in Resources */,
			);
			runOnlyForDeploymentPostprocessing = 0;
		};
		5E8DCDD5299FD8BD002EEF51 /* Resources */ = {
			isa = PBXResourcesBuildPhase;
			buildActionMask = 2147483647;
			files = (
			);
			runOnlyForDeploymentPostprocessing = 0;
		};
		5E8DCDDF299FD8BD002EEF51 /* Resources */ = {
			isa = PBXResourcesBuildPhase;
			buildActionMask = 2147483647;
			files = (
			);
			runOnlyForDeploymentPostprocessing = 0;
		};
/* End PBXResourcesBuildPhase section */

/* Begin PBXSourcesBuildPhase section */
		5E8DCDBD299FD8BD002EEF51 /* Sources */ = {
			isa = PBXSourcesBuildPhase;
			buildActionMask = 2147483647;
			files = (
				5E8DCDC9299FD8BD002EEF51 /* ViewController.swift in Sources */,
				5E8DCDC5299FD8BD002EEF51 /* AppDelegate.swift in Sources */,
				5E8DCDC7299FD8BD002EEF51 /* SceneDelegate.swift in Sources */,
			);
			runOnlyForDeploymentPostprocessing = 0;
		};
		5E8DCDD3299FD8BD002EEF51 /* Sources */ = {
			isa = PBXSourcesBuildPhase;
			buildActionMask = 2147483647;
			files = (
				5E8DCDDC299FD8BD002EEF51 /* TipsyTests.swift in Sources */,
			);
			runOnlyForDeploymentPostprocessing = 0;
		};
		5E8DCDDD299FD8BD002EEF51 /* Sources */ = {
			isa = PBXSourcesBuildPhase;
			buildActionMask = 2147483647;
			files = (
				5E8DCDE8299FD8BD002EEF51 /* TipsyUITestsLaunchTests.swift in Sources */,
				5E8DCDE6299FD8BD002EEF51 /* TipsyUITests.swift in Sources */,
			);
			runOnlyForDeploymentPostprocessing = 0;
		};
/* End PBXSourcesBuildPhase section */

/* Begin PBXTargetDependency section */
		5E8DCDD9299FD8BD002EEF51 /* PBXTargetDependency */ = {
			isa = PBXTargetDependency;
			target = 5E8DCDC0299FD8BD002EEF51 /* Tipsy */;
			targetProxy = 5E8DCDD8299FD8BD002EEF51 /* PBXContainerItemProxy */;
		};
		5E8DCDE3299FD8BD002EEF51 /* PBXTargetDependency */ = {
			isa = PBXTargetDependency;
			target = 5E8DCDC0299FD8BD002EEF51 /* Tipsy */;
			targetProxy = 5E8DCDE2299FD8BD002EEF51 /* PBXContainerItemProxy */;
		};
/* End PBXTargetDependency section */

/* Begin PBXVariantGroup section */
		5E8DCDCA299FD8BD002EEF51 /* Main.storyboard */ = {
			isa = PBXVariantGroup;
			children = (
				5E8DCDCB299FD8BD002EEF51 /* Base */,
			);
			name = Main.storyboard;
			sourceTree = "<group>";
		};
		5E8DCDCF299FD8BD002EEF51 /* LaunchScreen.storyboard */ = {
			isa = PBXVariantGroup;
			children = (
				5E8DCDD0299FD8BD002EEF51 /* Base */,
			);
			name = LaunchScreen.storyboard;
			sourceTree = "<group>";
		};
/* End PBXVariantGroup section */

/* Begin XCBuildConfiguration section */
		5E8DCDE9299FD8BD002EEF51 /* Debug */ = {
			isa = XCBuildConfiguration;
			buildSettings = {
				ALWAYS_SEARCH_USER_PATHS = NO;
				CLANG_ANALYZER_NONNULL = YES;
				CLANG_ANALYZER_NUMBER_OBJECT_CONVERSION = YES_AGGRESSIVE;
				CLANG_CXX_LANGUAGE_STANDARD = "gnu++20";
				CLANG_ENABLE_MODULES = YES;
				CLANG_ENABLE_OBJC_ARC = YES;
				CLANG_ENABLE_OBJC_WEAK = YES;
				CLANG_WARN_BLOCK_CAPTURE_AUTORELEASING = YES;
				CLANG_WARN_BOOL_CONVERSION = YES;
				CLANG_WARN_COMMA = YES;
				CLANG_WARN_CONSTANT_CONVERSION = YES;
				CLANG_WARN_DEPRECATED_OBJC_IMPLEMENTATIONS = YES;
				CLANG_WARN_DIRECT_OBJC_ISA_USAGE = YES_ERROR;
				CLANG_WARN_DOCUMENTATION_COMMENTS = YES;
				CLANG_WARN_EMPTY_BODY = YES;
				CLANG_WARN_ENUM_CONVERSION = YES;
				CLANG_WARN_INFINITE_RECURSION = YES;
				CLANG_WARN_INT_CONVERSION = YES;
				CLANG_WARN_NON_LITERAL_NULL_CONVERSION = YES;
				CLANG_WARN_OBJC_IMPLICIT_RETAIN_SELF = YES;
				CLANG_WARN_OBJC_LITERAL_CONVERSION = YES;
				CLANG_WARN_OBJC_ROOT_CLASS = YES_ERROR;
				CLANG_WARN_QUOTED_INCLUDE_IN_FRAMEWORK_HEADER = YES;
				CLANG_WARN_RANGE_LOOP_ANALYSIS = YES;
				CLANG_WARN_STRICT_PROTOTYPES = YES;
				CLANG_WARN_SUSPICIOUS_MOVE = YES;
				CLANG_WARN_UNGUARDED_AVAILABILITY = YES_AGGRESSIVE;
				CLANG_WARN_UNREACHABLE_CODE = YES;
				CLANG_WARN__DUPLICATE_METHOD_MATCH = YES;
				COPY_PHASE_STRIP = NO;
				DEBUG_INFORMATION_FORMAT = dwarf;
				ENABLE_STRICT_OBJC_MSGSEND = YES;
				ENABLE_TESTABILITY = YES;
				GCC_C_LANGUAGE_STANDARD = gnu11;
				GCC_DYNAMIC_NO_PIC = NO;
				GCC_NO_COMMON_BLOCKS = YES;
				GCC_OPTIMIZATION_LEVEL = 0;
				GCC_PREPROCESSOR_DEFINITIONS = (
					"DEBUG=1",
					"$(inherited)",
				);
				GCC_WARN_64_TO_32_BIT_CONVERSION = YES;
				GCC_WARN_ABOUT_RETURN_TYPE = YES_ERROR;
				GCC_WARN_UNDECLARED_SELECTOR = YES;
				GCC_WARN_UNINITIALIZED_AUTOS = YES_AGGRESSIVE;
				GCC_WARN_UNUSED_FUNCTION = YES;
				GCC_WARN_UNUSED_VARIABLE = YES;
				IPHONEOS_DEPLOYMENT_TARGET = 16.2;
				MTL_ENABLE_DEBUG_INFO = INCLUDE_SOURCE;
				MTL_FAST_MATH = YES;
				ONLY_ACTIVE_ARCH = YES;
				SDKROOT = iphoneos;
				SWIFT_ACTIVE_COMPILATION_CONDITIONS = DEBUG;
				SWIFT_OPTIMIZATION_LEVEL = "-Onone";
			};
			name = Debug;
		};
		5E8DCDEA299FD8BD002EEF51 /* Release */ = {
			isa = XCBuildConfiguration;
			buildSettings = {
				ALWAYS_SEARCH_USER_PATHS = NO;
				CLANG_ANALYZER_NONNULL = YES;
				CLANG_ANALYZER_NUMBER_OBJECT_CONVERSION = YES_AGGRESSIVE;
				CLANG_CXX_LANGUAGE_STANDARD = "gnu++20";
				CLANG_ENABLE_MODULES = YES;
				CLANG_ENABLE_OBJC_ARC = YES;
				CLANG_ENABLE_OBJC_WEAK = YES;
				CLANG_WARN_BLOCK_CAPTURE_AUTORELEASING = YES;
				CLANG_WARN_BOOL_CONVERSION = YES;
				CLANG_WARN_COMMA = YES;
				CLANG_WARN_CONSTANT_CONVERSION = YES;
				CLANG_WARN_DEPRECATED_OBJC_IMPLEMENTATIONS = YES;
				CLANG_WARN_DIRECT_OBJC_ISA_USAGE = YES_ERROR;
				CLANG_WARN_DOCUMENTATION_COMMENTS = YES;
				CLANG_WARN_EMPTY_BODY = YES;
				CLANG_WARN_ENUM_CONVERSION = YES;
				CLANG_WARN_INFINITE_RECURSION = YES;
				CLANG_WARN_INT_CONVERSION = YES;
				CLANG_WARN_NON_LITERAL_NULL_CONVERSION = YES;
				CLANG_WARN_OBJC_IMPLICIT_RETAIN_SELF = YES;
				CLANG_WARN_OBJC_LITERAL_CONVERSION = YES;
				CLANG_WARN_OBJC_ROOT_CLASS = YES_ERROR;
				CLANG_WARN_QUOTED_INCLUDE_IN_FRAMEWORK_HEADER = YES;
				CLANG_WARN_RANGE_LOOP_ANALYSIS = YES;
				CLANG_WARN_STRICT_PROTOTYPES = YES;
				CLANG_WARN_SUSPICIOUS_MOVE = YES;
				CLANG_WARN_UNGUARDED_AVAILABILITY = YES_AGGRESSIVE;
				CLANG_WARN_UNREACHABLE_CODE = YES;
				CLANG_WARN__DUPLICATE_METHOD_MATCH = YES;
				COPY_PHASE_STRIP = NO;
				DEBUG_INFORMATION_FORMAT = "dwarf-with-dsym";
				ENABLE_NS_ASSERTIONS = NO;
				ENABLE_STRICT_OBJC_MSGSEND = YES;
				GCC_C_LANGUAGE_STANDARD = gnu11;
				GCC_NO_COMMON_BLOCKS = YES;
				GCC_WARN_64_TO_32_BIT_CONVERSION = YES;
				GCC_WARN_ABOUT_RETURN_TYPE = YES_ERROR;
				GCC_WARN_UNDECLARED_SELECTOR = YES;
				GCC_WARN_UNINITIALIZED_AUTOS = YES_AGGRESSIVE;
				GCC_WARN_UNUSED_FUNCTION = YES;
				GCC_WARN_UNUSED_VARIABLE = YES;
				IPHONEOS_DEPLOYMENT_TARGET = 16.2;
				MTL_ENABLE_DEBUG_INFO = NO;
				MTL_FAST_MATH = YES;
				SDKROOT = iphoneos;
				SWIFT_COMPILATION_MODE = wholemodule;
				SWIFT_OPTIMIZATION_LEVEL = "-O";
				VALIDATE_PRODUCT = YES;
			};
			name = Release;
		};
		5E8DCDEC299FD8BD002EEF51 /* Debug */ = {
			isa = XCBuildConfiguration;
			buildSettings = {
				ASSETCATALOG_COMPILER_APPICON_NAME = AppIcon;
				ASSETCATALOG_COMPILER_GLOBAL_ACCENT_COLOR_NAME = AccentColor;
				CODE_SIGN_STYLE = Automatic;
				CURRENT_PROJECT_VERSION = 1;
				GENERATE_INFOPLIST_FILE = YES;
				INFOPLIST_FILE = Tipsy/Info.plist;
				INFOPLIST_KEY_UIApplicationSupportsIndirectInputEvents = YES;
				INFOPLIST_KEY_UILaunchStoryboardName = LaunchScreen;
				INFOPLIST_KEY_UIMainStoryboardFile = Main;
				INFOPLIST_KEY_UISupportedInterfaceOrientations_iPad = "UIInterfaceOrientationPortrait UIInterfaceOrientationPortraitUpsideDown UIInterfaceOrientationLandscapeLeft UIInterfaceOrientationLandscapeRight";
				INFOPLIST_KEY_UISupportedInterfaceOrientations_iPhone = "UIInterfaceOrientationPortrait UIInterfaceOrientationLandscapeLeft UIInterfaceOrientationLandscapeRight";
				LD_RUNPATH_SEARCH_PATHS = (
					"$(inherited)",
					"@executable_path/Frameworks",
				);
				MARKETING_VERSION = 1.0;
				PRODUCT_BUNDLE_IDENTIFIER = george.Tipsy;
				PRODUCT_NAME = "$(TARGET_NAME)";
				SWIFT_EMIT_LOC_STRINGS = YES;
				SWIFT_VERSION = 5.0;
				TARGETED_DEVICE_FAMILY = "1,2";
			};
			name = Debug;
		};
		5E8DCDED299FD8BD002EEF51 /* Release */ = {
			isa = XCBuildConfiguration;
			buildSettings = {
				ASSETCATALOG_COMPILER_APPICON_NAME = AppIcon;
				ASSETCATALOG_COMPILER_GLOBAL_ACCENT_COLOR_NAME = AccentColor;
				CODE_SIGN_STYLE = Automatic;
				CURRENT_PROJECT_VERSION = 1;
				GENERATE_INFOPLIST_FILE = YES;
				INFOPLIST_FILE = Tipsy/Info.plist;
				INFOPLIST_KEY_UIApplicationSupportsIndirectInputEvents = YES;
				INFOPLIST_KEY_UILaunchStoryboardName = LaunchScreen;
				INFOPLIST_KEY_UIMainStoryboardFile = Main;
				INFOPLIST_KEY_UISupportedInterfaceOrientations_iPad = "UIInterfaceOrientationPortrait UIInterfaceOrientationPortraitUpsideDown UIInterfaceOrientationLandscapeLeft UIInterfaceOrientationLandscapeRight";
				INFOPLIST_KEY_UISupportedInterfaceOrientations_iPhone = "UIInterfaceOrientationPortrait UIInterfaceOrientationLandscapeLeft UIInterfaceOrientationLandscapeRight";
				LD_RUNPATH_SEARCH_PATHS = (
					"$(inherited)",
					"@executable_path/Frameworks",
				);
				MARKETING_VERSION = 1.0;
				PRODUCT_BUNDLE_IDENTIFIER = george.Tipsy;
				PRODUCT_NAME = "$(TARGET_NAME)";
				SWIFT_EMIT_LOC_STRINGS = YES;
				SWIFT_VERSION = 5.0;
				TARGETED_DEVICE_FAMILY = "1,2";
			};
			name = Release;
		};
		5E8DCDEF299FD8BD002EEF51 /* Debug */ = {
			isa = XCBuildConfiguration;
			buildSettings = {
				ALWAYS_EMBED_SWIFT_STANDARD_LIBRARIES = YES;
				BUNDLE_LOADER = "$(TEST_HOST)";
				CODE_SIGN_STYLE = Automatic;
				CURRENT_PROJECT_VERSION = 1;
				GENERATE_INFOPLIST_FILE = YES;
				IPHONEOS_DEPLOYMENT_TARGET = 16.2;
				MARKETING_VERSION = 1.0;
				PRODUCT_BUNDLE_IDENTIFIER = george.TipsyTests;
				PRODUCT_NAME = "$(TARGET_NAME)";
				SWIFT_EMIT_LOC_STRINGS = NO;
				SWIFT_VERSION = 5.0;
				TARGETED_DEVICE_FAMILY = "1,2";
				TEST_HOST = "$(BUILT_PRODUCTS_DIR)/Tipsy.app/$(BUNDLE_EXECUTABLE_FOLDER_PATH)/Tipsy";
			};
			name = Debug;
		};
		5E8DCDF0299FD8BD002EEF51 /* Release */ = {
			isa = XCBuildConfiguration;
			buildSettings = {
				ALWAYS_EMBED_SWIFT_STANDARD_LIBRARIES = YES;
				BUNDLE_LOADER = "$(TEST_HOST)";
				CODE_SIGN_STYLE = Automatic;
				CURRENT_PROJECT_VERSION = 1;
				GENERATE_INFOPLIST_FILE = YES;
				IPHONEOS_DEPLOYMENT_TARGET = 16.2;
				MARKETING_VERSION = 1.0;
				PRODUCT_BUNDLE_IDENTIFIER = george.TipsyTests;
				PRODUCT_NAME = "$(TARGET_NAME)";
				SWIFT_EMIT_LOC_STRINGS = NO;
				SWIFT_VERSION = 5.0;
				TARGETED_DEVICE_FAMILY = "1,2";
				TEST_HOST = "$(BUILT_PRODUCTS_DIR)/Tipsy.app/$(BUNDLE_EXECUTABLE_FOLDER_PATH)/Tipsy";
			};
			name = Release;
		};
		5E8DCDF2299FD8BD002EEF51 /* Debug */ = {
			isa = XCBuildConfiguration;
			buildSettings = {
				ALWAYS_EMBED_SWIFT_STANDARD_LIBRARIES = YES;
				CODE_SIGN_STYLE = Automatic;
				CURRENT_PROJECT_VERSION = 1;
				GENERATE_INFOPLIST_FILE = YES;
				MARKETING_VERSION = 1.0;
				PRODUCT_BUNDLE_IDENTIFIER = george.TipsyUITests;
				PRODUCT_NAME = "$(TARGET_NAME)";
				SWIFT_EMIT_LOC_STRINGS = NO;
				SWIFT_VERSION = 5.0;
				TARGETED_DEVICE_FAMILY = "1,2";
				TEST_TARGET_NAME = Tipsy;
			};
			name = Debug;
		};
		5E8DCDF3299FD8BD002EEF51 /* Release */ = {
			isa = XCBuildConfiguration;
			buildSettings = {
				ALWAYS_EMBED_SWIFT_STANDARD_LIBRARIES = YES;
				CODE_SIGN_STYLE = Automatic;
				CURRENT_PROJECT_VERSION = 1;
				GENERATE_INFOPLIST_FILE = YES;
				MARKETING_VERSION = 1.0;
				PRODUCT_BUNDLE_IDENTIFIER = george.TipsyUITests;
				PRODUCT_NAME = "$(TARGET_NAME)";
				SWIFT_EMIT_LOC_STRINGS = NO;
				SWIFT_VERSION = 5.0;
				TARGETED_DEVICE_FAMILY = "1,2";
				TEST_TARGET_NAME = Tipsy;
			};
			name = Release;
		};
/* End XCBuildConfiguration section */

/* Begin XCConfigurationList section */
		5E8DCDBC299FD8BC002EEF51 /* Build configuration list for PBXProject "Tipsy" */ = {
			isa = XCConfigurationList;
			buildConfigurations = (
				5E8DCDE9299FD8BD002EEF51 /* Debug */,
				5E8DCDEA299FD8BD002EEF51 /* Release */,
			);
			defaultConfigurationIsVisible = 0;
			defaultConfigurationName = Release;
		};
		5E8DCDEB299FD8BD002EEF51 /* Build configuration list for PBXNativeTarget "Tipsy" */ = {
			isa = XCConfigurationList;
			buildConfigurations = (
				5E8DCDEC299FD8BD002EEF51 /* Debug */,
				5E8DCDED299FD8BD002EEF51 /* Release */,
			);
			defaultConfigurationIsVisible = 0;
			defaultConfigurationName = Release;
		};
		5E8DCDEE299FD8BD002EEF51 /* Build configuration list for PBXNativeTarget "TipsyTests" */ = {
			isa = XCConfigurationList;
			buildConfigurations = (
				5E8DCDEF299FD8BD002EEF51 /* Debug */,
				5E8DCDF0299FD8BD002EEF51 /* Release */,
			);
			defaultConfigurationIsVisible = 0;
			defaultConfigurationName = Release;
		};
		5E8DCDF1299FD8BD002EEF51 /* Build configuration list for PBXNativeTarget "TipsyUITests" */ = {
			isa = XCConfigurationList;
			buildConfigurations = (
				5E8DCDF2299FD8BD002EEF51 /* Debug */,
				5E8DCDF3299FD8BD002EEF51 /* Release */,
			);
			defaultConfigurationIsVisible = 0;
			defaultConfigurationName = Release;
		};
/* End XCConfigurationList section */
	};
	rootObject = 5E8DCDB9299FD8BC002EEF51 /* Project object */;
}
